
Microsoft Visual Studio Solution File, Format Version 12.00
# Visual Studio Version 16
VisualStudioVersion = 16.0.30611.23
MinimumVisualStudioVersion = 10.0.40219.1
Project("{FAE04EC0-301F-11D3-BF4B-00C04F79EFBC}") = "Ejercicio20", "Ejercicio20\Ejercicio20.csproj", "{DB22A80C-53CF-441A-A7FE-3690374FBEEF}"
EndProject
Project("{FAE04EC0-301F-11D3-BF4B-00C04F79EFBC}") = "BIlletes", "BIlletes\BIlletes.csproj", "{FE749F74-4E32-4C61-94E3-6FC165A3F2A9}"
EndProject
Global
	GlobalSection(SolutionConfigurationPlatforms) = preSolution
		Debug|Any CPU = Debug|Any CPU
		Release|Any CPU = Release|Any CPU
	EndGlobalSection
	GlobalSection(ProjectConfigurationPlatforms) = postSolution
		{DB22A80C-53CF-441A-A7FE-3690374FBEEF}.Debug|Any CPU.ActiveCfg = Debug|Any CPU
		{DB22A80C-53CF-441A-A7FE-3690374FBEEF}.Debug|Any CPU.Build.0 = Debug|Any CPU
		{DB22A80C-53CF-441A-A7FE-3690374FBEEF}.Release|Any CPU.ActiveCfg = Release|Any CPU
		{DB22A80C-53CF-441A-A7FE-3690374FBEEF}.Release|Any CPU.Build.0 = Release|Any CPU
		{FE749F74-4E32-4C61-94E3-6FC165A3F2A9}.Debug|Any CPU.ActiveCfg = Debug|Any CPU
		{FE749F74-4E32-4C61-94E3-6FC165A3F2A9}.Debug|Any CPU.Build.0 = Debug|Any CPU
		{FE749F74-4E32-4C61-94E3-6FC165A3F2A9}.Release|Any CPU.ActiveCfg = Release|Any CPU
		{FE749F74-4E32-4C61-94E3-6FC165A3F2A9}.Release|Any CPU.Build.0 = Release|Any CPU
	EndGlobalSection
	GlobalSection(SolutionProperties) = preSolution
		HideSolutionNode = FALSE
	EndGlobalSection
	GlobalSection(ExtensibilityGlobals) = postSolution
		SolutionGuid = {E575640D-B2CC-44B9-B19B-3CF3DBA7DF27}
	EndGlobalSection
EndGlobal
